
Microsoft Visual Studio Solution File, Format Version 10.00
# Visual Studio 2008
Project("{FAE04EC0-301F-11D3-BF4B-00C04F79EFBC}") = "AutoBuild", "AutoBuild\AutoBuild.csproj", "{98C08E15-70AC-426A-B578-E3CAE3CE465F}"
EndProject
Project("{FAE04EC0-301F-11D3-BF4B-00C04F79EFBC}") = "Autobuild.Tests", "Autobuild.Tests\Autobuild.Tests.csproj", "{EDB3F22D-FB91-494D-802F-AEC712B36A0C}"
EndProject
Global
	GlobalSection(SolutionConfigurationPlatforms) = preSolution
		Debug|Any CPU = Debug|Any CPU
		Release|Any CPU = Release|Any CPU
	EndGlobalSection
	GlobalSection(ProjectConfigurationPlatforms) = postSolution
		{98C08E15-70AC-426A-B578-E3CAE3CE465F}.Debug|Any CPU.ActiveCfg = Debug|Any CPU
		{98C08E15-70AC-426A-B578-E3CAE3CE465F}.Debug|Any CPU.Build.0 = Debug|Any CPU
		{98C08E15-70AC-426A-B578-E3CAE3CE465F}.Release|Any CPU.ActiveCfg = Release|Any CPU
		{98C08E15-70AC-426A-B578-E3CAE3CE465F}.Release|Any CPU.Build.0 = Release|Any CPU
		{EDB3F22D-FB91-494D-802F-AEC712B36A0C}.Debug|Any CPU.ActiveCfg = Debug|Any CPU
		{EDB3F22D-FB91-494D-802F-AEC712B36A0C}.Debug|Any CPU.Build.0 = Debug|Any CPU
		{EDB3F22D-FB91-494D-802F-AEC712B36A0C}.Release|Any CPU.ActiveCfg = Release|Any CPU
		{EDB3F22D-FB91-494D-802F-AEC712B36A0C}.Release|Any CPU.Build.0 = Release|Any CPU
	EndGlobalSection
	GlobalSection(SolutionProperties) = preSolution
		HideSolutionNode = FALSE
	EndGlobalSection
EndGlobal
